// !$*UTF8*$!
{
	archiveVersion = 1;
	classes = {
	};
	objectVersion = 46;
	objects = {

/* Begin PBXBuildFile section */
		0F069EF31790EC1C00455146 /* UIKit.framework in Frameworks */ = {isa = PBXBuildFile; fileRef = 0F069EF21790EC1C00455146 /* UIKit.framework */; };
		0F069EF51790EC1C00455146 /* Foundation.framework in Frameworks */ = {isa = PBXBuildFile; fileRef = 0F069EF41790EC1C00455146 /* Foundation.framework */; };
		0F069EF71790EC1C00455146 /* CoreGraphics.framework in Frameworks */ = {isa = PBXBuildFile; fileRef = 0F069EF61790EC1C00455146 /* CoreGraphics.framework */; };
		0F069EFD1790EC1C00455146 /* InfoPlist.strings in Resources */ = {isa = PBXBuildFile; fileRef = 0F069EFB1790EC1C00455146 /* InfoPlist.strings */; };
		0F069EFF1790EC1C00455146 /* main.m in Sources */ = {isa = PBXBuildFile; fileRef = 0F069EFE1790EC1C00455146 /* main.m */; };
		0F069F031790EC1C00455146 /* BGCAppDelegate.m in Sources */ = {isa = PBXBuildFile; fileRef = 0F069F021790EC1C00455146 /* BGCAppDelegate.m */; };
		0F069F051790EC1C00455146 /* Default.png in Resources */ = {isa = PBXBuildFile; fileRef = 0F069F041790EC1C00455146 /* Default.png */; };
		0F069F071790EC1C00455146 /* Default@2x.png in Resources */ = {isa = PBXBuildFile; fileRef = 0F069F061790EC1C00455146 /* Default@2x.png */; };
		0F069F091790EC1C00455146 /* Default-568h@2x.png in Resources */ = {isa = PBXBuildFile; fileRef = 0F069F081790EC1C00455146 /* Default-568h@2x.png */; };
		0F069F0C1790EC1C00455146 /* MainStoryboard.storyboard in Resources */ = {isa = PBXBuildFile; fileRef = 0F069F0A1790EC1C00455146 /* MainStoryboard.storyboard */; };
		0F069F0F1790EC1C00455146 /* BGCMapViewController.m in Sources */ = {isa = PBXBuildFile; fileRef = 0F069F0E1790EC1C00455146 /* BGCMapViewController.m */; };
		0F069F161790EC9600455146 /* GoogleMaps.framework in Frameworks */ = {isa = PBXBuildFile; fileRef = 0F069F151790EC9600455146 /* GoogleMaps.framework */; };
		0F069F181790ECE900455146 /* GoogleMaps.bundle in Resources */ = {isa = PBXBuildFile; fileRef = 0F069F171790ECE900455146 /* GoogleMaps.bundle */; };
		0F069F1A1790ED1B00455146 /* AVFoundation.framework in Frameworks */ = {isa = PBXBuildFile; fileRef = 0F069F191790ED1B00455146 /* AVFoundation.framework */; };
		0F069F1C1790ED2100455146 /* CoreData.framework in Frameworks */ = {isa = PBXBuildFile; fileRef = 0F069F1B1790ED2100455146 /* CoreData.framework */; };
		0F069F1E1790ED2800455146 /* CoreLocation.framework in Frameworks */ = {isa = PBXBuildFile; fileRef = 0F069F1D1790ED2800455146 /* CoreLocation.framework */; };
		0F069F201790ED2D00455146 /* CoreText.framework in Frameworks */ = {isa = PBXBuildFile; fileRef = 0F069F1F1790ED2D00455146 /* CoreText.framework */; };
		0F069F221790ED3300455146 /* GLKit.framework in Frameworks */ = {isa = PBXBuildFile; fileRef = 0F069F211790ED3300455146 /* GLKit.framework */; };
		0F069F241790ED3900455146 /* ImageIO.framework in Frameworks */ = {isa = PBXBuildFile; fileRef = 0F069F231790ED3900455146 /* ImageIO.framework */; };
		0F069F261790ED4300455146 /* libc++.dylib in Frameworks */ = {isa = PBXBuildFile; fileRef = 0F069F251790ED4300455146 /* libc++.dylib */; };
		0F069F281790ED5200455146 /* libicucore.dylib in Frameworks */ = {isa = PBXBuildFile; fileRef = 0F069F271790ED5200455146 /* libicucore.dylib */; };
		0F069F2A1790ED5900455146 /* libz.dylib in Frameworks */ = {isa = PBXBuildFile; fileRef = 0F069F291790ED5900455146 /* libz.dylib */; };
		0F069F2C1790ED6000455146 /* OpenGLES.framework in Frameworks */ = {isa = PBXBuildFile; fileRef = 0F069F2B1790ED6000455146 /* OpenGLES.framework */; };
		0F069F2E1790ED6500455146 /* QuartzCore.framework in Frameworks */ = {isa = PBXBuildFile; fileRef = 0F069F2D1790ED6500455146 /* QuartzCore.framework */; };
		0F069F301790ED6B00455146 /* SystemConfiguration.framework in Frameworks */ = {isa = PBXBuildFile; fileRef = 0F069F2F1790ED6B00455146 /* SystemConfiguration.framework */; };
		0F069F331790F83100455146 /* BGCCrimeObject.m in Sources */ = {isa = PBXBuildFile; fileRef = 0F069F321790F83100455146 /* BGCCrimeObject.m */; };
		0F069F361790FA7500455146 /* BGCCrimeDataAccess.m in Sources */ = {isa = PBXBuildFile; fileRef = 0F069F351790FA7500455146 /* BGCCrimeDataAccess.m */; };
		0F069F391790FF0900455146 /* BGCTurnByTurnInstructions.m in Sources */ = {isa = PBXBuildFile; fileRef = 0F069F381790FF0900455146 /* BGCTurnByTurnInstructions.m */; };
		0F069F3D1790FF4F00455146 /* GoogleRoute.m in Sources */ = {isa = PBXBuildFile; fileRef = 0F069F3C1790FF4F00455146 /* GoogleRoute.m */; };
		0F069F4317911E2100455146 /* BGCOptionsViewController.m in Sources */ = {isa = PBXBuildFile; fileRef = 0F069F4217911E2100455146 /* BGCOptionsViewController.m */; };
		0F069F491791205F00455146 /* BGCCustomSegue.m in Sources */ = {isa = PBXBuildFile; fileRef = 0F069F481791205F00455146 /* BGCCustomSegue.m */; };
		0F069F4B17912E9300455146 /* submit.png in Resources */ = {isa = PBXBuildFile; fileRef = 0F069F4A17912E9300455146 /* submit.png */; };
		0F069F4E17912F7E00455146 /* BGCBeatEntryViewController.m in Sources */ = {isa = PBXBuildFile; fileRef = 0F069F4D17912F7E00455146 /* BGCBeatEntryViewController.m */; };
		0F069F511791351000455146 /* test.json in Resources */ = {isa = PBXBuildFile; fileRef = 0F069F501791351000455146 /* test.json */; };
		0F069F571791A27900455146 /* navbar.png in Resources */ = {isa = PBXBuildFile; fileRef = 0F069F561791A27900455146 /* navbar.png */; };
		0F069F591791A31500455146 /* navbarempty.png in Resources */ = {isa = PBXBuildFile; fileRef = 0F069F581791A31500455146 /* navbarempty.png */; };
		0F069F5B1791A3D200455146 /* plus.png in Resources */ = {isa = PBXBuildFile; fileRef = 0F069F5A1791A3D200455146 /* plus.png */; };
		0F069F601791A88300455146 /* backarrow.png in Resources */ = {isa = PBXBuildFile; fileRef = 0F069F5F1791A88300455146 /* backarrow.png */; };
		0F069F621791A89A00455146 /* customplus.png in Resources */ = {isa = PBXBuildFile; fileRef = 0F069F611791A89A00455146 /* customplus.png */; };
/* End PBXBuildFile section */

/* Begin PBXFileReference section */
		0F069EEF1790EC1C00455146 /* Charlie.app */ = {isa = PBXFileReference; explicitFileType = wrapper.application; includeInIndex = 0; path = Charlie.app; sourceTree = BUILT_PRODUCTS_DIR; };
		0F069EF21790EC1C00455146 /* UIKit.framework */ = {isa = PBXFileReference; lastKnownFileType = wrapper.framework; name = UIKit.framework; path = System/Library/Frameworks/UIKit.framework; sourceTree = SDKROOT; };
		0F069EF41790EC1C00455146 /* Foundation.framework */ = {isa = PBXFileReference; lastKnownFileType = wrapper.framework; name = Foundation.framework; path = System/Library/Frameworks/Foundation.framework; sourceTree = SDKROOT; };
		0F069EF61790EC1C00455146 /* CoreGraphics.framework */ = {isa = PBXFileReference; lastKnownFileType = wrapper.framework; name = CoreGraphics.framework; path = System/Library/Frameworks/CoreGraphics.framework; sourceTree = SDKROOT; };
		0F069EFA1790EC1C00455146 /* Charlie-Info.plist */ = {isa = PBXFileReference; lastKnownFileType = text.plist.xml; path = "Charlie-Info.plist"; sourceTree = "<group>"; };
		0F069EFC1790EC1C00455146 /* en */ = {isa = PBXFileReference; lastKnownFileType = text.plist.strings; name = en; path = en.lproj/InfoPlist.strings; sourceTree = "<group>"; };
		0F069EFE1790EC1C00455146 /* main.m */ = {isa = PBXFileReference; lastKnownFileType = sourcecode.c.objc; path = main.m; sourceTree = "<group>"; };
		0F069F001790EC1C00455146 /* Charlie-Prefix.pch */ = {isa = PBXFileReference; lastKnownFileType = sourcecode.c.h; path = "Charlie-Prefix.pch"; sourceTree = "<group>"; };
		0F069F011790EC1C00455146 /* BGCAppDelegate.h */ = {isa = PBXFileReference; lastKnownFileType = sourcecode.c.h; path = BGCAppDelegate.h; sourceTree = "<group>"; };
		0F069F021790EC1C00455146 /* BGCAppDelegate.m */ = {isa = PBXFileReference; lastKnownFileType = sourcecode.c.objc; path = BGCAppDelegate.m; sourceTree = "<group>"; };
		0F069F041790EC1C00455146 /* Default.png */ = {isa = PBXFileReference; lastKnownFileType = image.png; path = Default.png; sourceTree = "<group>"; };
		0F069F061790EC1C00455146 /* Default@2x.png */ = {isa = PBXFileReference; lastKnownFileType = image.png; path = "Default@2x.png"; sourceTree = "<group>"; };
		0F069F081790EC1C00455146 /* Default-568h@2x.png */ = {isa = PBXFileReference; lastKnownFileType = image.png; path = "Default-568h@2x.png"; sourceTree = "<group>"; };
		0F069F0B1790EC1C00455146 /* en */ = {isa = PBXFileReference; lastKnownFileType = file.storyboard; name = en; path = en.lproj/MainStoryboard.storyboard; sourceTree = "<group>"; };
		0F069F0D1790EC1C00455146 /* BGCMapViewController.h */ = {isa = PBXFileReference; lastKnownFileType = sourcecode.c.h; path = BGCMapViewController.h; sourceTree = "<group>"; };
		0F069F0E1790EC1C00455146 /* BGCMapViewController.m */ = {isa = PBXFileReference; lastKnownFileType = sourcecode.c.objc; path = BGCMapViewController.m; sourceTree = "<group>"; };
		0F069F151790EC9600455146 /* GoogleMaps.framework */ = {isa = PBXFileReference; lastKnownFileType = wrapper.framework; path = GoogleMaps.framework; sourceTree = "<group>"; };
		0F069F171790ECE900455146 /* GoogleMaps.bundle */ = {isa = PBXFileReference; lastKnownFileType = "wrapper.plug-in"; name = GoogleMaps.bundle; path = GoogleMaps.framework/Versions/A/Resources/GoogleMaps.bundle; sourceTree = "<group>"; };
		0F069F191790ED1B00455146 /* AVFoundation.framework */ = {isa = PBXFileReference; lastKnownFileType = wrapper.framework; name = AVFoundation.framework; path = System/Library/Frameworks/AVFoundation.framework; sourceTree = SDKROOT; };
		0F069F1B1790ED2100455146 /* CoreData.framework */ = {isa = PBXFileReference; lastKnownFileType = wrapper.framework; name = CoreData.framework; path = System/Library/Frameworks/CoreData.framework; sourceTree = SDKROOT; };
		0F069F1D1790ED2800455146 /* CoreLocation.framework */ = {isa = PBXFileReference; lastKnownFileType = wrapper.framework; name = CoreLocation.framework; path = System/Library/Frameworks/CoreLocation.framework; sourceTree = SDKROOT; };
		0F069F1F1790ED2D00455146 /* CoreText.framework */ = {isa = PBXFileReference; lastKnownFileType = wrapper.framework; name = CoreText.framework; path = System/Library/Frameworks/CoreText.framework; sourceTree = SDKROOT; };
		0F069F211790ED3300455146 /* GLKit.framework */ = {isa = PBXFileReference; lastKnownFileType = wrapper.framework; name = GLKit.framework; path = System/Library/Frameworks/GLKit.framework; sourceTree = SDKROOT; };
		0F069F231790ED3900455146 /* ImageIO.framework */ = {isa = PBXFileReference; lastKnownFileType = wrapper.framework; name = ImageIO.framework; path = System/Library/Frameworks/ImageIO.framework; sourceTree = SDKROOT; };
		0F069F251790ED4300455146 /* libc++.dylib */ = {isa = PBXFileReference; lastKnownFileType = "compiled.mach-o.dylib"; name = "libc++.dylib"; path = "usr/lib/libc++.dylib"; sourceTree = SDKROOT; };
		0F069F271790ED5200455146 /* libicucore.dylib */ = {isa = PBXFileReference; lastKnownFileType = "compiled.mach-o.dylib"; name = libicucore.dylib; path = usr/lib/libicucore.dylib; sourceTree = SDKROOT; };
		0F069F291790ED5900455146 /* libz.dylib */ = {isa = PBXFileReference; lastKnownFileType = "compiled.mach-o.dylib"; name = libz.dylib; path = usr/lib/libz.dylib; sourceTree = SDKROOT; };
		0F069F2B1790ED6000455146 /* OpenGLES.framework */ = {isa = PBXFileReference; lastKnownFileType = wrapper.framework; name = OpenGLES.framework; path = System/Library/Frameworks/OpenGLES.framework; sourceTree = SDKROOT; };
		0F069F2D1790ED6500455146 /* QuartzCore.framework */ = {isa = PBXFileReference; lastKnownFileType = wrapper.framework; name = QuartzCore.framework; path = System/Library/Frameworks/QuartzCore.framework; sourceTree = SDKROOT; };
		0F069F2F1790ED6B00455146 /* SystemConfiguration.framework */ = {isa = PBXFileReference; lastKnownFileType = wrapper.framework; name = SystemConfiguration.framework; path = System/Library/Frameworks/SystemConfiguration.framework; sourceTree = SDKROOT; };
		0F069F311790F83100455146 /* BGCCrimeObject.h */ = {isa = PBXFileReference; fileEncoding = 4; lastKnownFileType = sourcecode.c.h; path = BGCCrimeObject.h; sourceTree = "<group>"; };
		0F069F321790F83100455146 /* BGCCrimeObject.m */ = {isa = PBXFileReference; fileEncoding = 4; lastKnownFileType = sourcecode.c.objc; path = BGCCrimeObject.m; sourceTree = "<group>"; };
		0F069F341790FA7500455146 /* BGCCrimeDataAccess.h */ = {isa = PBXFileReference; fileEncoding = 4; lastKnownFileType = sourcecode.c.h; path = BGCCrimeDataAccess.h; sourceTree = "<group>"; };
		0F069F351790FA7500455146 /* BGCCrimeDataAccess.m */ = {isa = PBXFileReference; fileEncoding = 4; lastKnownFileType = sourcecode.c.objc; path = BGCCrimeDataAccess.m; sourceTree = "<group>"; };
		0F069F371790FF0900455146 /* BGCTurnByTurnInstructions.h */ = {isa = PBXFileReference; fileEncoding = 4; lastKnownFileType = sourcecode.c.h; path = BGCTurnByTurnInstructions.h; sourceTree = "<group>"; };
		0F069F381790FF0900455146 /* BGCTurnByTurnInstructions.m */ = {isa = PBXFileReference; fileEncoding = 4; lastKnownFileType = sourcecode.c.objc; path = BGCTurnByTurnInstructions.m; sourceTree = "<group>"; };
		0F069F3B1790FF4F00455146 /* GoogleRoute.h */ = {isa = PBXFileReference; fileEncoding = 4; lastKnownFileType = sourcecode.c.h; path = GoogleRoute.h; sourceTree = "<group>"; };
		0F069F3C1790FF4F00455146 /* GoogleRoute.m */ = {isa = PBXFileReference; fileEncoding = 4; lastKnownFileType = sourcecode.c.objc; path = GoogleRoute.m; sourceTree = "<group>"; };
		0F069F3F17910C2800455146 /* MapKit.framework */ = {isa = PBXFileReference; lastKnownFileType = wrapper.framework; name = MapKit.framework; path = System/Library/Frameworks/MapKit.framework; sourceTree = SDKROOT; };
		0F069F4117911E2100455146 /* BGCOptionsViewController.h */ = {isa = PBXFileReference; fileEncoding = 4; lastKnownFileType = sourcecode.c.h; path = BGCOptionsViewController.h; sourceTree = "<group>"; };
		0F069F4217911E2100455146 /* BGCOptionsViewController.m */ = {isa = PBXFileReference; fileEncoding = 4; lastKnownFileType = sourcecode.c.objc; path = BGCOptionsViewController.m; sourceTree = "<group>"; };
		0F069F471791205F00455146 /* BGCCustomSegue.h */ = {isa = PBXFileReference; fileEncoding = 4; lastKnownFileType = sourcecode.c.h; name = BGCCustomSegue.h; path = ../BGCCustomSegue.h; sourceTree = "<group>"; };
		0F069F481791205F00455146 /* BGCCustomSegue.m */ = {isa = PBXFileReference; fileEncoding = 4; lastKnownFileType = sourcecode.c.objc; name = BGCCustomSegue.m; path = ../BGCCustomSegue.m; sourceTree = "<group>"; };
		0F069F4A17912E9300455146 /* submit.png */ = {isa = PBXFileReference; lastKnownFileType = image.png; path = submit.png; sourceTree = "<group>"; };
		0F069F4C17912F7E00455146 /* BGCBeatEntryViewController.h */ = {isa = PBXFileReference; fileEncoding = 4; lastKnownFileType = sourcecode.c.h; path = BGCBeatEntryViewController.h; sourceTree = "<group>"; };
		0F069F4D17912F7E00455146 /* BGCBeatEntryViewController.m */ = {isa = PBXFileReference; fileEncoding = 4; lastKnownFileType = sourcecode.c.objc; path = BGCBeatEntryViewController.m; sourceTree = "<group>"; };
		0F069F501791351000455146 /* test.json */ = {isa = PBXFileReference; fileEncoding = 4; lastKnownFileType = text.json; path = test.json; sourceTree = "<group>"; };
		0F069F561791A27900455146 /* navbar.png */ = {isa = PBXFileReference; lastKnownFileType = image.png; path = navbar.png; sourceTree = "<group>"; };
		0F069F581791A31500455146 /* navbarempty.png */ = {isa = PBXFileReference; lastKnownFileType = image.png; path = navbarempty.png; sourceTree = "<group>"; };
		0F069F5A1791A3D200455146 /* plus.png */ = {isa = PBXFileReference; lastKnownFileType = image.png; path = plus.png; sourceTree = "<group>"; };
		0F069F5F1791A88300455146 /* backarrow.png */ = {isa = PBXFileReference; lastKnownFileType = image.png; path = backarrow.png; sourceTree = "<group>"; };
		0F069F611791A89A00455146 /* customplus.png */ = {isa = PBXFileReference; lastKnownFileType = image.png; path = customplus.png; sourceTree = "<group>"; };
/* End PBXFileReference section */

/* Begin PBXFrameworksBuildPhase section */
		0F069EEC1790EC1C00455146 /* Frameworks */ = {
			isa = PBXFrameworksBuildPhase;
			buildActionMask = 2147483647;
			files = (
				0F069F2E1790ED6500455146 /* QuartzCore.framework in Frameworks */,
				0F069F301790ED6B00455146 /* SystemConfiguration.framework in Frameworks */,
				0F069F2C1790ED6000455146 /* OpenGLES.framework in Frameworks */,
				0F069F2A1790ED5900455146 /* libz.dylib in Frameworks */,
				0F069F281790ED5200455146 /* libicucore.dylib in Frameworks */,
				0F069F261790ED4300455146 /* libc++.dylib in Frameworks */,
				0F069F241790ED3900455146 /* ImageIO.framework in Frameworks */,
				0F069F221790ED3300455146 /* GLKit.framework in Frameworks */,
				0F069F201790ED2D00455146 /* CoreText.framework in Frameworks */,
				0F069F1E1790ED2800455146 /* CoreLocation.framework in Frameworks */,
				0F069F1C1790ED2100455146 /* CoreData.framework in Frameworks */,
				0F069F1A1790ED1B00455146 /* AVFoundation.framework in Frameworks */,
				0F069EF31790EC1C00455146 /* UIKit.framework in Frameworks */,
				0F069EF51790EC1C00455146 /* Foundation.framework in Frameworks */,
				0F069EF71790EC1C00455146 /* CoreGraphics.framework in Frameworks */,
				0F069F161790EC9600455146 /* GoogleMaps.framework in Frameworks */,
			);
			runOnlyForDeploymentPostprocessing = 0;
		};
/* End PBXFrameworksBuildPhase section */

/* Begin PBXGroup section */
		0F069EE61790EC1C00455146 = {
			isa = PBXGroup;
			children = (
				0F069EF81790EC1C00455146 /* Charlie */,
				0F069EF11790EC1C00455146 /* Frameworks */,
				0F069EF01790EC1C00455146 /* Products */,
			);
			sourceTree = "<group>";
		};
		0F069EF01790EC1C00455146 /* Products */ = {
			isa = PBXGroup;
			children = (
				0F069EEF1790EC1C00455146 /* Charlie.app */,
			);
			name = Products;
			sourceTree = "<group>";
		};
		0F069EF11790EC1C00455146 /* Frameworks */ = {
			isa = PBXGroup;
			children = (
				0F069F3F17910C2800455146 /* MapKit.framework */,
				0F069F2F1790ED6B00455146 /* SystemConfiguration.framework */,
				0F069F2D1790ED6500455146 /* QuartzCore.framework */,
				0F069F2B1790ED6000455146 /* OpenGLES.framework */,
				0F069F291790ED5900455146 /* libz.dylib */,
				0F069F271790ED5200455146 /* libicucore.dylib */,
				0F069F251790ED4300455146 /* libc++.dylib */,
				0F069F231790ED3900455146 /* ImageIO.framework */,
				0F069F211790ED3300455146 /* GLKit.framework */,
				0F069F1F1790ED2D00455146 /* CoreText.framework */,
				0F069F1D1790ED2800455146 /* CoreLocation.framework */,
				0F069F1B1790ED2100455146 /* CoreData.framework */,
				0F069F191790ED1B00455146 /* AVFoundation.framework */,
				0F069F171790ECE900455146 /* GoogleMaps.bundle */,
				0F069F151790EC9600455146 /* GoogleMaps.framework */,
				0F069EF21790EC1C00455146 /* UIKit.framework */,
				0F069EF41790EC1C00455146 /* Foundation.framework */,
				0F069EF61790EC1C00455146 /* CoreGraphics.framework */,
			);
			name = Frameworks;
			sourceTree = "<group>";
		};
		0F069EF81790EC1C00455146 /* Charlie */ = {
			isa = PBXGroup;
			children = (
				0F069F471791205F00455146 /* BGCCustomSegue.h */,
				0F069F481791205F00455146 /* BGCCustomSegue.m */,
				0F069F011790EC1C00455146 /* BGCAppDelegate.h */,
				0F069F021790EC1C00455146 /* BGCAppDelegate.m */,
				0F069F3E1790FFE000455146 /* Directions */,
				0F069F3A1790FF1300455146 /* CrimeData */,
				0F069F0A1790EC1C00455146 /* MainStoryboard.storyboard */,
				0F069F4C17912F7E00455146 /* BGCBeatEntryViewController.h */,
				0F069F4D17912F7E00455146 /* BGCBeatEntryViewController.m */,
				0F069F4117911E2100455146 /* BGCOptionsViewController.h */,
				0F069F4217911E2100455146 /* BGCOptionsViewController.m */,
				0F069F0D1790EC1C00455146 /* BGCMapViewController.h */,
				0F069F0E1790EC1C00455146 /* BGCMapViewController.m */,
				0F069F4F1791324300455146 /* images */,
				0F069EF91790EC1C00455146 /* Supporting Files */,
			);
			path = Charlie;
			sourceTree = "<group>";
		};
		0F069EF91790EC1C00455146 /* Supporting Files */ = {
			isa = PBXGroup;
			children = (
				0F069EFA1790EC1C00455146 /* Charlie-Info.plist */,
				0F069EFB1790EC1C00455146 /* InfoPlist.strings */,
				0F069EFE1790EC1C00455146 /* main.m */,
				0F069F001790EC1C00455146 /* Charlie-Prefix.pch */,
				0F069F041790EC1C00455146 /* Default.png */,
				0F069F061790EC1C00455146 /* Default@2x.png */,
				0F069F081790EC1C00455146 /* Default-568h@2x.png */,
			);
			name = "Supporting Files";
			sourceTree = "<group>";
		};
		0F069F3A1790FF1300455146 /* CrimeData */ = {
			isa = PBXGroup;
			children = (
				0F069F341790FA7500455146 /* BGCCrimeDataAccess.h */,
				0F069F351790FA7500455146 /* BGCCrimeDataAccess.m */,
				0F069F311790F83100455146 /* BGCCrimeObject.h */,
				0F069F321790F83100455146 /* BGCCrimeObject.m */,
				0F069F501791351000455146 /* test.json */,
			);
			name = CrimeData;
			sourceTree = "<group>";
		};
		0F069F3E1790FFE000455146 /* Directions */ = {
			isa = PBXGroup;
			children = (
				0F069F371790FF0900455146 /* BGCTurnByTurnInstructions.h */,
				0F069F381790FF0900455146 /* BGCTurnByTurnInstructions.m */,
				0F069F3B1790FF4F00455146 /* GoogleRoute.h */,
				0F069F3C1790FF4F00455146 /* GoogleRoute.m */,
			);
			name = Directions;
			sourceTree = "<group>";
		};
		0F069F4F1791324300455146 /* images */ = {
			isa = PBXGroup;
			children = (
				0F069F611791A89A00455146 /* customplus.png */,
				0F069F5F1791A88300455146 /* backarrow.png */,
				0F069F5A1791A3D200455146 /* plus.png */,
				0F069F581791A31500455146 /* navbarempty.png */,
				0F069F561791A27900455146 /* navbar.png */,
				0F069F4A17912E9300455146 /* submit.png */,
			);
			name = images;
			sourceTree = "<group>";
		};
/* End PBXGroup section */

/* Begin PBXNativeTarget section */
		0F069EEE1790EC1C00455146 /* Charlie */ = {
			isa = PBXNativeTarget;
			buildConfigurationList = 0F069F121790EC1C00455146 /* Build configuration list for PBXNativeTarget "Charlie" */;
			buildPhases = (
				0F069EEB1790EC1C00455146 /* Sources */,
				0F069EEC1790EC1C00455146 /* Frameworks */,
				0F069EED1790EC1C00455146 /* Resources */,
			);
			buildRules = (
			);
			dependencies = (
			);
			name = Charlie;
			productName = Charlie;
			productReference = 0F069EEF1790EC1C00455146 /* Charlie.app */;
			productType = "com.apple.product-type.application";
		};
/* End PBXNativeTarget section */

/* Begin PBXProject section */
		0F069EE71790EC1C00455146 /* Project object */ = {
			isa = PBXProject;
			attributes = {
				CLASSPREFIX = BGC;
				LastUpgradeCheck = 0460;
				ORGANIZATIONNAME = "Charlie Corp (Team BGC)";
			};
			buildConfigurationList = 0F069EEA1790EC1C00455146 /* Build configuration list for PBXProject "Charlie" */;
			compatibilityVersion = "Xcode 3.2";
			developmentRegion = English;
			hasScannedForEncodings = 0;
			knownRegions = (
				en,
			);
			mainGroup = 0F069EE61790EC1C00455146;
			productRefGroup = 0F069EF01790EC1C00455146 /* Products */;
			projectDirPath = "";
			projectRoot = "";
			targets = (
				0F069EEE1790EC1C00455146 /* Charlie */,
			);
		};
/* End PBXProject section */

/* Begin PBXResourcesBuildPhase section */
		0F069EED1790EC1C00455146 /* Resources */ = {
			isa = PBXResourcesBuildPhase;
			buildActionMask = 2147483647;
			files = (
				0F069EFD1790EC1C00455146 /* InfoPlist.strings in Resources */,
				0F069F051790EC1C00455146 /* Default.png in Resources */,
				0F069F071790EC1C00455146 /* Default@2x.png in Resources */,
				0F069F091790EC1C00455146 /* Default-568h@2x.png in Resources */,
				0F069F0C1790EC1C00455146 /* MainStoryboard.storyboard in Resources */,
				0F069F181790ECE900455146 /* GoogleMaps.bundle in Resources */,
				0F069F4B17912E9300455146 /* submit.png in Resources */,
				0F069F511791351000455146 /* test.json in Resources */,
				0F069F571791A27900455146 /* navbar.png in Resources */,
				0F069F591791A31500455146 /* navbarempty.png in Resources */,
				0F069F5B1791A3D200455146 /* plus.png in Resources */,
				0F069F601791A88300455146 /* backarrow.png in Resources */,
				0F069F621791A89A00455146 /* customplus.png in Resources */,
			);
			runOnlyForDeploymentPostprocessing = 0;
		};
/* End PBXResourcesBuildPhase section */

/* Begin PBXSourcesBuildPhase section */
		0F069EEB1790EC1C00455146 /* Sources */ = {
			isa = PBXSourcesBuildPhase;
			buildActionMask = 2147483647;
			files = (
				0F069EFF1790EC1C00455146 /* main.m in Sources */,
				0F069F031790EC1C00455146 /* BGCAppDelegate.m in Sources */,
				0F069F0F1790EC1C00455146 /* BGCMapViewController.m in Sources */,
				0F069F331790F83100455146 /* BGCCrimeObject.m in Sources */,
				0F069F361790FA7500455146 /* BGCCrimeDataAccess.m in Sources */,
				0F069F391790FF0900455146 /* BGCTurnByTurnInstructions.m in Sources */,
				0F069F3D1790FF4F00455146 /* GoogleRoute.m in Sources */,
				0F069F4317911E2100455146 /* BGCOptionsViewController.m in Sources */,
				0F069F491791205F00455146 /* BGCCustomSegue.m in Sources */,
				0F069F4E17912F7E00455146 /* BGCBeatEntryViewController.m in Sources */,
			);
			runOnlyForDeploymentPostprocessing = 0;
		};
/* End PBXSourcesBuildPhase section */

/* Begin PBXVariantGroup section */
		0F069EFB1790EC1C00455146 /* InfoPlist.strings */ = {
			isa = PBXVariantGroup;
			children = (
				0F069EFC1790EC1C00455146 /* en */,
			);
			name = InfoPlist.strings;
			sourceTree = "<group>";
		};
		0F069F0A1790EC1C00455146 /* MainStoryboard.storyboard */ = {
			isa = PBXVariantGroup;
			children = (
				0F069F0B1790EC1C00455146 /* en */,
			);
			name = MainStoryboard.storyboard;
			sourceTree = "<group>";
		};
/* End PBXVariantGroup section */

/* Begin XCBuildConfiguration section */
		0F069F101790EC1C00455146 /* Debug */ = {
			isa = XCBuildConfiguration;
			buildSettings = {
				ALWAYS_SEARCH_USER_PATHS = NO;
				CLANG_CXX_LANGUAGE_STANDARD = "gnu++0x";
				CLANG_CXX_LIBRARY = "libc++";
				CLANG_ENABLE_OBJC_ARC = YES;
				CLANG_WARN_CONSTANT_CONVERSION = YES;
				CLANG_WARN_EMPTY_BODY = YES;
				CLANG_WARN_ENUM_CONVERSION = YES;
				CLANG_WARN_INT_CONVERSION = YES;
				CLANG_WARN__DUPLICATE_METHOD_MATCH = YES;
				"CODE_SIGN_IDENTITY[sdk=iphoneos*]" = "iPhone Developer";
				COPY_PHASE_STRIP = NO;
				GCC_C_LANGUAGE_STANDARD = gnu99;
				GCC_DYNAMIC_NO_PIC = NO;
				GCC_OPTIMIZATION_LEVEL = 0;
				GCC_PREPROCESSOR_DEFINITIONS = (
					"DEBUG=1",
					"$(inherited)",
				);
				GCC_SYMBOLS_PRIVATE_EXTERN = NO;
				GCC_WARN_ABOUT_RETURN_TYPE = YES;
				GCC_WARN_UNINITIALIZED_AUTOS = YES;
				GCC_WARN_UNUSED_VARIABLE = YES;
				IPHONEOS_DEPLOYMENT_TARGET = 6.1;
				ONLY_ACTIVE_ARCH = YES;
				SDKROOT = iphoneos;
			};
			name = Debug;
		};
		0F069F111790EC1C00455146 /* Release */ = {
			isa = XCBuildConfiguration;
			buildSettings = {
				ALWAYS_SEARCH_USER_PATHS = NO;
				CLANG_CXX_LANGUAGE_STANDARD = "gnu++0x";
				CLANG_CXX_LIBRARY = "libc++";
				CLANG_ENABLE_OBJC_ARC = YES;
				CLANG_WARN_CONSTANT_CONVERSION = YES;
				CLANG_WARN_EMPTY_BODY = YES;
				CLANG_WARN_ENUM_CONVERSION = YES;
				CLANG_WARN_INT_CONVERSION = YES;
				CLANG_WARN__DUPLICATE_METHOD_MATCH = YES;
				"CODE_SIGN_IDENTITY[sdk=iphoneos*]" = "iPhone Developer";
				COPY_PHASE_STRIP = YES;
				GCC_C_LANGUAGE_STANDARD = gnu99;
				GCC_WARN_ABOUT_RETURN_TYPE = YES;
				GCC_WARN_UNINITIALIZED_AUTOS = YES;
				GCC_WARN_UNUSED_VARIABLE = YES;
				IPHONEOS_DEPLOYMENT_TARGET = 6.1;
				OTHER_CFLAGS = "-DNS_BLOCK_ASSERTIONS=1";
				SDKROOT = iphoneos;
				VALIDATE_PRODUCT = YES;
			};
			name = Release;
		};
		0F069F131790EC1C00455146 /* Debug */ = {
			isa = XCBuildConfiguration;
			buildSettings = {
				ARCHS = armv7;
				"ARCHS[sdk=*]" = armv7;
				FRAMEWORK_SEARCH_PATHS = (
					"$(inherited)",
					"\"$(SRCROOT)\"",
				);
				GCC_PRECOMPILE_PREFIX_HEADER = YES;
				GCC_PREFIX_HEADER = "Charlie/Charlie-Prefix.pch";
				INFOPLIST_FILE = "Charlie/Charlie-Info.plist";
				OTHER_LDFLAGS = "-ObjC";
				PRODUCT_NAME = "$(TARGET_NAME)";
				WRAPPER_EXTENSION = app;
			};
			name = Debug;
		};
		0F069F141790EC1C00455146 /* Release */ = {
			isa = XCBuildConfiguration;
			buildSettings = {
				ARCHS = armv7;
				FRAMEWORK_SEARCH_PATHS = (
					"$(inherited)",
					"\"$(SRCROOT)\"",
				);
				GCC_PRECOMPILE_PREFIX_HEADER = YES;
				GCC_PREFIX_HEADER = "Charlie/Charlie-Prefix.pch";
				INFOPLIST_FILE = "Charlie/Charlie-Info.plist";
				OTHER_LDFLAGS = "-ObjC";
				PRODUCT_NAME = "$(TARGET_NAME)";
				WRAPPER_EXTENSION = app;
			};
			name = Release;
		};
/* End XCBuildConfiguration section */

/* Begin XCConfigurationList section */
		0F069EEA1790EC1C00455146 /* Build configuration list for PBXProject "Charlie" */ = {
			isa = XCConfigurationList;
			buildConfigurations = (
				0F069F101790EC1C00455146 /* Debug */,
				0F069F111790EC1C00455146 /* Release */,
			);
			defaultConfigurationIsVisible = 0;
			defaultConfigurationName = Release;
		};
		0F069F121790EC1C00455146 /* Build configuration list for PBXNativeTarget "Charlie" */ = {
			isa = XCConfigurationList;
			buildConfigurations = (
				0F069F131790EC1C00455146 /* Debug */,
				0F069F141790EC1C00455146 /* Release */,
			);
			defaultConfigurationIsVisible = 0;
			defaultConfigurationName = Release;
		};
/* End XCConfigurationList section */
	};
	rootObject = 0F069EE71790EC1C00455146 /* Project object */;
}
